
Microsoft Visual Studio Solution File, Format Version 12.00
# Visual Studio Version 17
VisualStudioVersion = 17.14.36623.8
MinimumVisualStudioVersion = 10.0.40219.1
Project("{2150E333-8FDC-42A3-9474-1A3956D46DE8}") = "src", "src", "{36D591C7-65C7-A0D1-1CBC-10CDE441BDC8}"
EndProject
Project("{2150E333-8FDC-42A3-9474-1A3956D46DE8}") = "TechcoreMicroservices.BookService", "TechcoreMicroservices.BookService", "{1979A07D-2102-44D7-AC6E-932D110EF313}"
EndProject
Project("{FAE04EC0-301F-11D3-BF4B-00C04F79EFBC}") = "TechcoreMicroservices.BookService.Domain", "src\TechcoreMicroservices.BookService\TechcoreMicroservices.BookService.Domain\TechcoreMicroservices.BookService.Domain.csproj", "{43130B70-DFE5-45AC-AF38-D8FE49460AFB}"
EndProject
Project("{FAE04EC0-301F-11D3-BF4B-00C04F79EFBC}") = "TechcoreMicroservices.BookService.Contracts", "src\TechcoreMicroservices.BookService\TechcoreMicroservices.BookService.Contracts\TechcoreMicroservices.BookService.Contracts.csproj", "{67DB6A27-649C-4413-B26E-DBB4772B15EE}"
EndProject
Project("{FAE04EC0-301F-11D3-BF4B-00C04F79EFBC}") = "TechcoreMicroservices.BookService.Infrastructure", "src\TechcoreMicroservices.BookService\TechcoreMicroservices.BookService.Infrastructure\TechcoreMicroservices.BookService.Infrastructure.csproj", "{4F041A2B-CD8C-4A02-901D-C18DC4A7D751}"
EndProject
Project("{FAE04EC0-301F-11D3-BF4B-00C04F79EFBC}") = "TechcoreMicroservices.BookService.Application", "src\TechcoreMicroservices.BookService\TechcoreMicroservices.BookService.Application\TechcoreMicroservices.BookService.Application.csproj", "{1B2DCB66-8D05-40C3-A8A1-B42FE8756E76}"
EndProject
Project("{FAE04EC0-301F-11D3-BF4B-00C04F79EFBC}") = "TechcoreMicroservices.BookService.Books.API", "src\TechcoreMicroservices.BookService\TechcoreMicroservices.BookService.Books.API\TechcoreMicroservices.BookService.Books.API.csproj", "{08507E04-AF0C-79CD-7EBB-4C524AD73433}"
EndProject
Project("{2150E333-8FDC-42A3-9474-1A3956D46DE8}") = "Элементы решения", "Элементы решения", "{754FC069-D67B-A9D7-50A1-8D1CA196D8F1}"
	ProjectSection(SolutionItems) = preProject
		docker-compose.yml = docker-compose.yml
		Kafka_10_module.md = Kafka_10_module.md
		Kafka_Streams_10_module.md = Kafka_Streams_10_module.md
		loki-config.yaml = loki-config.yaml
		prometheus.yml = prometheus.yml
	EndProjectSection
EndProject
Project("{FAE04EC0-301F-11D3-BF4B-00C04F79EFBC}") = "TechcoreMicroservices.BookService.Authors.API", "src\TechcoreMicroservices.BookService\TechcoreMicroservices.BookService.Authors.API\TechcoreMicroservices.BookService.Authors.API.csproj", "{4C3749CF-B73E-43C0-BCA6-9A5D6E2763D3}"
EndProject
Project("{2150E333-8FDC-42A3-9474-1A3956D46DE8}") = "TechcoreMicroservices.BookReviewService", "TechcoreMicroservices.BookReviewService", "{4C127F21-9FEC-4505-A860-6E1BE240F8A9}"
EndProject
Project("{FAE04EC0-301F-11D3-BF4B-00C04F79EFBC}") = "TechcoreMicroservices.BookReviewService.Domain", "src\TechcoreMicroservices.BookReviewService\TechcoreMicroservices.BookReviewService.Domain\TechcoreMicroservices.BookReviewService.Domain.csproj", "{83E6469B-DBC7-440E-9EC1-F3B504DCF964}"
EndProject
Project("{FAE04EC0-301F-11D3-BF4B-00C04F79EFBC}") = "TechcoreMicroservices.BookReviewService.Application", "src\TechcoreMicroservices.BookReviewService\TechcoreMicroservices.BookReviewService.Application\TechcoreMicroservices.BookReviewService.Application.csproj", "{9FC599B7-4CC0-4C50-84C9-C47FB9C0AAAA}"
EndProject
Project("{FAE04EC0-301F-11D3-BF4B-00C04F79EFBC}") = "TechcoreMicroservices.BookReviewService.Contracts", "src\TechcoreMicroservices.BookReviewService\TechcoreMicroservices.BookReviewService.Contracts\TechcoreMicroservices.BookReviewService.Contracts.csproj", "{45FB8AFB-52CC-42AF-8109-557ED535551F}"
EndProject
Project("{FAE04EC0-301F-11D3-BF4B-00C04F79EFBC}") = "TechcoreMicroservices.BookReviewService.Infrastructure", "src\TechcoreMicroservices.BookReviewService\TechcoreMicroservices.BookReviewService.Infrastructure\TechcoreMicroservices.BookReviewService.Infrastructure.csproj", "{98B407BA-112A-4E8F-B4E8-F38F577D0051}"
EndProject
Project("{FAE04EC0-301F-11D3-BF4B-00C04F79EFBC}") = "TechcoreMicroservices.BookReviewService.API", "src\TechcoreMicroservices.BookReviewService\TechcoreMicroservices.BookReviewService.API\TechcoreMicroservices.BookReviewService.API.csproj", "{EBAF6419-B2CA-4DC6-AC27-A4BBF7F36DC1}"
EndProject
Project("{2150E333-8FDC-42A3-9474-1A3956D46DE8}") = "TechcoreMicroservices.gRpcServices", "TechcoreMicroservices.gRpcServices", "{AD981391-6105-4263-A726-B1F06A3A65EF}"
EndProject
Project("{FAE04EC0-301F-11D3-BF4B-00C04F79EFBC}") = "GrpcService1", "src\TechcoreMicroservices.gRpcServices\GrpcService1\GrpcService1.csproj", "{91447D07-DE09-419E-9451-5E9B2C1BD061}"
EndProject
Project("{FAE04EC0-301F-11D3-BF4B-00C04F79EFBC}") = "GrpcService2", "src\TechcoreMicroservices.gRpcServices\GrpcService2\GrpcService2.csproj", "{F9F5158B-888C-48D5-95A6-B3457EA679B0}"
EndProject
Project("{2150E333-8FDC-42A3-9474-1A3956D46DE8}") = "TechcoreMicroservices.BookOrderService", "TechcoreMicroservices.BookOrderService", "{E94DF8E4-7496-4925-9990-28790791C72B}"
EndProject
Project("{FAE04EC0-301F-11D3-BF4B-00C04F79EFBC}") = "TechcoreMicroservices.BookOrderService.Domain", "src\TechcoreMicroservices.BookOrderService\TechcoreMicroservices.BookOrderService.Domain\TechcoreMicroservices.BookOrderService.Domain.csproj", "{00419253-8ED1-4E27-801F-E0FA526F2540}"
EndProject
Project("{FAE04EC0-301F-11D3-BF4B-00C04F79EFBC}") = "TechcoreMicroservices.BookOrderService.Infrastructure", "src\TechcoreMicroservices.BookOrderService\TechcoreMicroservices.BookOrderService.Infrastructure\TechcoreMicroservices.BookOrderService.Infrastructure.csproj", "{60DAB8EF-B659-4D1B-982D-0C9C0911B4D8}"
EndProject
Project("{FAE04EC0-301F-11D3-BF4B-00C04F79EFBC}") = "TechcoreMicroservices.BookOrderService.API", "src\TechcoreMicroservices.BookOrderService\TechcoreMicroservices.BookOrderService.API\TechcoreMicroservices.BookOrderService.API.csproj", "{DD2C9A47-F66F-4DE3-A93C-6F7ED9E611F5}"
EndProject
Project("{FAE04EC0-301F-11D3-BF4B-00C04F79EFBC}") = "TechcoreMicroservices.BookOrderService.Contracts", "src\TechcoreMicroservices.BookOrderService\TechcoreMicroservices.BookOrderService.Contracts\TechcoreMicroservices.BookOrderService.Contracts.csproj", "{C50F09D5-8133-412F-8BBB-15009AB2B890}"
EndProject
Project("{FAE04EC0-301F-11D3-BF4B-00C04F79EFBC}") = "TechcoreMicroservices.BookOrderService.Application", "src\TechcoreMicroservices.BookOrderService\TechcoreMicroservices.BookOrderService.Application\TechcoreMicroservices.BookOrderService.Application.csproj", "{728A79B9-92A8-4990-A066-2066625F38A1}"
EndProject
Project("{2150E333-8FDC-42A3-9474-1A3956D46DE8}") = "TechcoreMicroservices.AnalyticsWorkerService", "TechcoreMicroservices.AnalyticsWorkerService", "{BE9BD77B-63D5-46F7-B611-EB891D160891}"
EndProject
Project("{FAE04EC0-301F-11D3-BF4B-00C04F79EFBC}") = "AnalyticService", "src\TechcoreMicroservices.AnalyticsWorkerService\AnalyticService\AnalyticService.csproj", "{53E58532-B20C-410C-81C4-F7A5DEFC4902}"
EndProject
Project("{2150E333-8FDC-42A3-9474-1A3956D46DE8}") = "TechcoreMicroservices.ApiGateway", "TechcoreMicroservices.ApiGateway", "{2E083F44-B7A3-4D95-B07A-7B53B104BF3E}"
EndProject
Project("{FAE04EC0-301F-11D3-BF4B-00C04F79EFBC}") = "TechcoreMicroservices.ApiGateway.OcelotGw", "src\TechcoreMicroservices.ApiGateway\TechcoreMicroservices.ApiGateway.OcelotGw\TechcoreMicroservices.ApiGateway.OcelotGw.csproj", "{8B2E6C72-5229-4C87-B8F4-86D2A56AEB9D}"
EndProject
Project("{FAE04EC0-301F-11D3-BF4B-00C04F79EFBC}") = "TechcoreMicroservices.ApiGateway.YarpGw", "src\TechcoreMicroservices.ApiGateway\TechcoreMicroservices.ApiGateway.YarpGw\TechcoreMicroservices.ApiGateway.YarpGw.csproj", "{7FDC6465-6ABA-4846-B463-F568D1FF4DB3}"
EndProject
Global
	GlobalSection(SolutionConfigurationPlatforms) = preSolution
		Debug|Any CPU = Debug|Any CPU
		Release|Any CPU = Release|Any CPU
	EndGlobalSection
	GlobalSection(ProjectConfigurationPlatforms) = postSolution
		{43130B70-DFE5-45AC-AF38-D8FE49460AFB}.Debug|Any CPU.ActiveCfg = Debug|Any CPU
		{43130B70-DFE5-45AC-AF38-D8FE49460AFB}.Debug|Any CPU.Build.0 = Debug|Any CPU
		{43130B70-DFE5-45AC-AF38-D8FE49460AFB}.Release|Any CPU.ActiveCfg = Release|Any CPU
		{43130B70-DFE5-45AC-AF38-D8FE49460AFB}.Release|Any CPU.Build.0 = Release|Any CPU
		{67DB6A27-649C-4413-B26E-DBB4772B15EE}.Debug|Any CPU.ActiveCfg = Debug|Any CPU
		{67DB6A27-649C-4413-B26E-DBB4772B15EE}.Debug|Any CPU.Build.0 = Debug|Any CPU
		{67DB6A27-649C-4413-B26E-DBB4772B15EE}.Release|Any CPU.ActiveCfg = Release|Any CPU
		{67DB6A27-649C-4413-B26E-DBB4772B15EE}.Release|Any CPU.Build.0 = Release|Any CPU
		{4F041A2B-CD8C-4A02-901D-C18DC4A7D751}.Debug|Any CPU.ActiveCfg = Debug|Any CPU
		{4F041A2B-CD8C-4A02-901D-C18DC4A7D751}.Debug|Any CPU.Build.0 = Debug|Any CPU
		{4F041A2B-CD8C-4A02-901D-C18DC4A7D751}.Release|Any CPU.ActiveCfg = Release|Any CPU
		{4F041A2B-CD8C-4A02-901D-C18DC4A7D751}.Release|Any CPU.Build.0 = Release|Any CPU
		{1B2DCB66-8D05-40C3-A8A1-B42FE8756E76}.Debug|Any CPU.ActiveCfg = Debug|Any CPU
		{1B2DCB66-8D05-40C3-A8A1-B42FE8756E76}.Debug|Any CPU.Build.0 = Debug|Any CPU
		{1B2DCB66-8D05-40C3-A8A1-B42FE8756E76}.Release|Any CPU.ActiveCfg = Release|Any CPU
		{1B2DCB66-8D05-40C3-A8A1-B42FE8756E76}.Release|Any CPU.Build.0 = Release|Any CPU
		{08507E04-AF0C-79CD-7EBB-4C524AD73433}.Debug|Any CPU.ActiveCfg = Debug|Any CPU
		{08507E04-AF0C-79CD-7EBB-4C524AD73433}.Debug|Any CPU.Build.0 = Debug|Any CPU
		{08507E04-AF0C-79CD-7EBB-4C524AD73433}.Release|Any CPU.ActiveCfg = Release|Any CPU
		{08507E04-AF0C-79CD-7EBB-4C524AD73433}.Release|Any CPU.Build.0 = Release|Any CPU
		{4C3749CF-B73E-43C0-BCA6-9A5D6E2763D3}.Debug|Any CPU.ActiveCfg = Debug|Any CPU
		{4C3749CF-B73E-43C0-BCA6-9A5D6E2763D3}.Debug|Any CPU.Build.0 = Debug|Any CPU
		{4C3749CF-B73E-43C0-BCA6-9A5D6E2763D3}.Release|Any CPU.ActiveCfg = Release|Any CPU
		{4C3749CF-B73E-43C0-BCA6-9A5D6E2763D3}.Release|Any CPU.Build.0 = Release|Any CPU
		{83E6469B-DBC7-440E-9EC1-F3B504DCF964}.Debug|Any CPU.ActiveCfg = Debug|Any CPU
		{83E6469B-DBC7-440E-9EC1-F3B504DCF964}.Debug|Any CPU.Build.0 = Debug|Any CPU
		{83E6469B-DBC7-440E-9EC1-F3B504DCF964}.Release|Any CPU.ActiveCfg = Release|Any CPU
		{83E6469B-DBC7-440E-9EC1-F3B504DCF964}.Release|Any CPU.Build.0 = Release|Any CPU
		{9FC599B7-4CC0-4C50-84C9-C47FB9C0AAAA}.Debug|Any CPU.ActiveCfg = Debug|Any CPU
		{9FC599B7-4CC0-4C50-84C9-C47FB9C0AAAA}.Debug|Any CPU.Build.0 = Debug|Any CPU
		{9FC599B7-4CC0-4C50-84C9-C47FB9C0AAAA}.Release|Any CPU.ActiveCfg = Release|Any CPU
		{9FC599B7-4CC0-4C50-84C9-C47FB9C0AAAA}.Release|Any CPU.Build.0 = Release|Any CPU
		{45FB8AFB-52CC-42AF-8109-557ED535551F}.Debug|Any CPU.ActiveCfg = Debug|Any CPU
		{45FB8AFB-52CC-42AF-8109-557ED535551F}.Debug|Any CPU.Build.0 = Debug|Any CPU
		{45FB8AFB-52CC-42AF-8109-557ED535551F}.Release|Any CPU.ActiveCfg = Release|Any CPU
		{45FB8AFB-52CC-42AF-8109-557ED535551F}.Release|Any CPU.Build.0 = Release|Any CPU
		{98B407BA-112A-4E8F-B4E8-F38F577D0051}.Debug|Any CPU.ActiveCfg = Debug|Any CPU
		{98B407BA-112A-4E8F-B4E8-F38F577D0051}.Debug|Any CPU.Build.0 = Debug|Any CPU
		{98B407BA-112A-4E8F-B4E8-F38F577D0051}.Release|Any CPU.ActiveCfg = Release|Any CPU
		{98B407BA-112A-4E8F-B4E8-F38F577D0051}.Release|Any CPU.Build.0 = Release|Any CPU
		{EBAF6419-B2CA-4DC6-AC27-A4BBF7F36DC1}.Debug|Any CPU.ActiveCfg = Debug|Any CPU
		{EBAF6419-B2CA-4DC6-AC27-A4BBF7F36DC1}.Debug|Any CPU.Build.0 = Debug|Any CPU
		{EBAF6419-B2CA-4DC6-AC27-A4BBF7F36DC1}.Release|Any CPU.ActiveCfg = Release|Any CPU
		{EBAF6419-B2CA-4DC6-AC27-A4BBF7F36DC1}.Release|Any CPU.Build.0 = Release|Any CPU
		{91447D07-DE09-419E-9451-5E9B2C1BD061}.Debug|Any CPU.ActiveCfg = Debug|Any CPU
		{91447D07-DE09-419E-9451-5E9B2C1BD061}.Debug|Any CPU.Build.0 = Debug|Any CPU
		{91447D07-DE09-419E-9451-5E9B2C1BD061}.Release|Any CPU.ActiveCfg = Release|Any CPU
		{91447D07-DE09-419E-9451-5E9B2C1BD061}.Release|Any CPU.Build.0 = Release|Any CPU
		{F9F5158B-888C-48D5-95A6-B3457EA679B0}.Debug|Any CPU.ActiveCfg = Debug|Any CPU
		{F9F5158B-888C-48D5-95A6-B3457EA679B0}.Debug|Any CPU.Build.0 = Debug|Any CPU
		{F9F5158B-888C-48D5-95A6-B3457EA679B0}.Release|Any CPU.ActiveCfg = Release|Any CPU
		{F9F5158B-888C-48D5-95A6-B3457EA679B0}.Release|Any CPU.Build.0 = Release|Any CPU
		{00419253-8ED1-4E27-801F-E0FA526F2540}.Debug|Any CPU.ActiveCfg = Debug|Any CPU
		{00419253-8ED1-4E27-801F-E0FA526F2540}.Debug|Any CPU.Build.0 = Debug|Any CPU
		{00419253-8ED1-4E27-801F-E0FA526F2540}.Release|Any CPU.ActiveCfg = Release|Any CPU
		{00419253-8ED1-4E27-801F-E0FA526F2540}.Release|Any CPU.Build.0 = Release|Any CPU
		{60DAB8EF-B659-4D1B-982D-0C9C0911B4D8}.Debug|Any CPU.ActiveCfg = Debug|Any CPU
		{60DAB8EF-B659-4D1B-982D-0C9C0911B4D8}.Debug|Any CPU.Build.0 = Debug|Any CPU
		{60DAB8EF-B659-4D1B-982D-0C9C0911B4D8}.Release|Any CPU.ActiveCfg = Release|Any CPU
		{60DAB8EF-B659-4D1B-982D-0C9C0911B4D8}.Release|Any CPU.Build.0 = Release|Any CPU
		{DD2C9A47-F66F-4DE3-A93C-6F7ED9E611F5}.Debug|Any CPU.ActiveCfg = Debug|Any CPU
		{DD2C9A47-F66F-4DE3-A93C-6F7ED9E611F5}.Debug|Any CPU.Build.0 = Debug|Any CPU
		{DD2C9A47-F66F-4DE3-A93C-6F7ED9E611F5}.Release|Any CPU.ActiveCfg = Release|Any CPU
		{DD2C9A47-F66F-4DE3-A93C-6F7ED9E611F5}.Release|Any CPU.Build.0 = Release|Any CPU
		{C50F09D5-8133-412F-8BBB-15009AB2B890}.Debug|Any CPU.ActiveCfg = Debug|Any CPU
		{C50F09D5-8133-412F-8BBB-15009AB2B890}.Debug|Any CPU.Build.0 = Debug|Any CPU
		{C50F09D5-8133-412F-8BBB-15009AB2B890}.Release|Any CPU.ActiveCfg = Release|Any CPU
		{C50F09D5-8133-412F-8BBB-15009AB2B890}.Release|Any CPU.Build.0 = Release|Any CPU
		{728A79B9-92A8-4990-A066-2066625F38A1}.Debug|Any CPU.ActiveCfg = Debug|Any CPU
		{728A79B9-92A8-4990-A066-2066625F38A1}.Debug|Any CPU.Build.0 = Debug|Any CPU
		{728A79B9-92A8-4990-A066-2066625F38A1}.Release|Any CPU.ActiveCfg = Release|Any CPU
		{728A79B9-92A8-4990-A066-2066625F38A1}.Release|Any CPU.Build.0 = Release|Any CPU
		{53E58532-B20C-410C-81C4-F7A5DEFC4902}.Debug|Any CPU.ActiveCfg = Debug|Any CPU
		{53E58532-B20C-410C-81C4-F7A5DEFC4902}.Debug|Any CPU.Build.0 = Debug|Any CPU
		{53E58532-B20C-410C-81C4-F7A5DEFC4902}.Release|Any CPU.ActiveCfg = Release|Any CPU
		{53E58532-B20C-410C-81C4-F7A5DEFC4902}.Release|Any CPU.Build.0 = Release|Any CPU
		{8B2E6C72-5229-4C87-B8F4-86D2A56AEB9D}.Debug|Any CPU.ActiveCfg = Debug|Any CPU
		{8B2E6C72-5229-4C87-B8F4-86D2A56AEB9D}.Debug|Any CPU.Build.0 = Debug|Any CPU
		{8B2E6C72-5229-4C87-B8F4-86D2A56AEB9D}.Release|Any CPU.ActiveCfg = Release|Any CPU
		{8B2E6C72-5229-4C87-B8F4-86D2A56AEB9D}.Release|Any CPU.Build.0 = Release|Any CPU
		{7FDC6465-6ABA-4846-B463-F568D1FF4DB3}.Debug|Any CPU.ActiveCfg = Debug|Any CPU
		{7FDC6465-6ABA-4846-B463-F568D1FF4DB3}.Debug|Any CPU.Build.0 = Debug|Any CPU
		{7FDC6465-6ABA-4846-B463-F568D1FF4DB3}.Release|Any CPU.ActiveCfg = Release|Any CPU
		{7FDC6465-6ABA-4846-B463-F568D1FF4DB3}.Release|Any CPU.Build.0 = Release|Any CPU
	EndGlobalSection
	GlobalSection(SolutionProperties) = preSolution
		HideSolutionNode = FALSE
	EndGlobalSection
	GlobalSection(NestedProjects) = preSolution
		{1979A07D-2102-44D7-AC6E-932D110EF313} = {36D591C7-65C7-A0D1-1CBC-10CDE441BDC8}
		{43130B70-DFE5-45AC-AF38-D8FE49460AFB} = {1979A07D-2102-44D7-AC6E-932D110EF313}
		{67DB6A27-649C-4413-B26E-DBB4772B15EE} = {1979A07D-2102-44D7-AC6E-932D110EF313}
		{4F041A2B-CD8C-4A02-901D-C18DC4A7D751} = {1979A07D-2102-44D7-AC6E-932D110EF313}
		{1B2DCB66-8D05-40C3-A8A1-B42FE8756E76} = {1979A07D-2102-44D7-AC6E-932D110EF313}
		{08507E04-AF0C-79CD-7EBB-4C524AD73433} = {1979A07D-2102-44D7-AC6E-932D110EF313}
		{4C3749CF-B73E-43C0-BCA6-9A5D6E2763D3} = {1979A07D-2102-44D7-AC6E-932D110EF313}
		{4C127F21-9FEC-4505-A860-6E1BE240F8A9} = {36D591C7-65C7-A0D1-1CBC-10CDE441BDC8}
		{83E6469B-DBC7-440E-9EC1-F3B504DCF964} = {4C127F21-9FEC-4505-A860-6E1BE240F8A9}
		{9FC599B7-4CC0-4C50-84C9-C47FB9C0AAAA} = {4C127F21-9FEC-4505-A860-6E1BE240F8A9}
		{45FB8AFB-52CC-42AF-8109-557ED535551F} = {4C127F21-9FEC-4505-A860-6E1BE240F8A9}
		{98B407BA-112A-4E8F-B4E8-F38F577D0051} = {4C127F21-9FEC-4505-A860-6E1BE240F8A9}
		{EBAF6419-B2CA-4DC6-AC27-A4BBF7F36DC1} = {4C127F21-9FEC-4505-A860-6E1BE240F8A9}
		{AD981391-6105-4263-A726-B1F06A3A65EF} = {36D591C7-65C7-A0D1-1CBC-10CDE441BDC8}
		{91447D07-DE09-419E-9451-5E9B2C1BD061} = {AD981391-6105-4263-A726-B1F06A3A65EF}
		{F9F5158B-888C-48D5-95A6-B3457EA679B0} = {AD981391-6105-4263-A726-B1F06A3A65EF}
		{E94DF8E4-7496-4925-9990-28790791C72B} = {36D591C7-65C7-A0D1-1CBC-10CDE441BDC8}
		{00419253-8ED1-4E27-801F-E0FA526F2540} = {E94DF8E4-7496-4925-9990-28790791C72B}
		{60DAB8EF-B659-4D1B-982D-0C9C0911B4D8} = {E94DF8E4-7496-4925-9990-28790791C72B}
		{DD2C9A47-F66F-4DE3-A93C-6F7ED9E611F5} = {E94DF8E4-7496-4925-9990-28790791C72B}
		{C50F09D5-8133-412F-8BBB-15009AB2B890} = {E94DF8E4-7496-4925-9990-28790791C72B}
		{728A79B9-92A8-4990-A066-2066625F38A1} = {E94DF8E4-7496-4925-9990-28790791C72B}
		{BE9BD77B-63D5-46F7-B611-EB891D160891} = {36D591C7-65C7-A0D1-1CBC-10CDE441BDC8}
		{53E58532-B20C-410C-81C4-F7A5DEFC4902} = {BE9BD77B-63D5-46F7-B611-EB891D160891}
		{2E083F44-B7A3-4D95-B07A-7B53B104BF3E} = {36D591C7-65C7-A0D1-1CBC-10CDE441BDC8}
		{8B2E6C72-5229-4C87-B8F4-86D2A56AEB9D} = {2E083F44-B7A3-4D95-B07A-7B53B104BF3E}
		{7FDC6465-6ABA-4846-B463-F568D1FF4DB3} = {2E083F44-B7A3-4D95-B07A-7B53B104BF3E}
	EndGlobalSection
	GlobalSection(ExtensibilityGlobals) = postSolution
		SolutionGuid = {59B02EA6-E133-4524-A182-E53FB66C8AA3}
	EndGlobalSection
EndGlobal
